<Solution>
  <Folder Name="/Solution Items/">
    <File Path=".gitignore" />
    <File Path="docker-compose.yml" />
    <File Path="Run-Docker.ps1" />
  </Folder>
  <Project Path="DarkSun.Application/DarkSun.Application.csproj" />
  <Project Path="DarkSun.Domain/DarkSun.Domain.csproj" />
  <Project Path="DarkSun.Infrastructure/DarkSun.Infrastructure.csproj" />
  <Project Path="DarkSun.Tests/DarkSun.Tests.csproj" />
  <Project Path="DarkSun.Web/DarkSun.Web.csproj" />
</Solution>
